
Microsoft Visual Studio Solution File, Format Version 12.00
Project("{FAE04EC0-301F-11D3-BF4B-00C04F79EFBC}") = "Day-2019-12-01", "Day-2019-12-01\Day-2019-12-01.csproj", "{621200F8-F03D-431D-B4B1-723029596DDE}"
EndProject
Project("{FAE04EC0-301F-11D3-BF4B-00C04F79EFBC}") = "Day-2019-12-01.Tests", "Day-2019-12-01.Tests\Day-2019-12-01.Tests.csproj", "{D61E1C57-2DD1-4403-B6B4-E53D09BD8C7A}"
EndProject
Project("{FAE04EC0-301F-11D3-BF4B-00C04F79EFBC}") = "Day-2019-12-01.App", "Day-2019-12-01.App\Day-2019-12-01.App.csproj", "{92AC0F7B-BEFA-490D-9460-1C2C619EC5E5}"
EndProject
Project("{FAE04EC0-301F-11D3-BF4B-00C04F79EFBC}") = "Day-2019-12-02", "Day-2019-12-02\Day-2019-12-02.csproj", "{6642E311-F05C-493B-8933-DCC856FD0FD0}"
EndProject
Project("{FAE04EC0-301F-11D3-BF4B-00C04F79EFBC}") = "Day-2019-12-02.Tests", "Day-2019-12-02.Tests\Day-2019-12-02.Tests.csproj", "{E268EA4D-2925-4024-807F-1EF8B0BE6921}"
EndProject
Project("{FAE04EC0-301F-11D3-BF4B-00C04F79EFBC}") = "Day-2019-12-02.App", "Day-2019-12-02.App\Day-2019-12-02.App.csproj", "{39D4BCEE-E224-45AF-957B-5A1529D67AA5}"
EndProject
Project("{FAE04EC0-301F-11D3-BF4B-00C04F79EFBC}") = "Day-2019-12-03", "Day-2019-12-03\Day-2019-12-03.csproj", "{6EC34697-11B0-4FE2-84A5-BDE3B82D05E6}"
EndProject
Project("{FAE04EC0-301F-11D3-BF4B-00C04F79EFBC}") = "Day-2019-12-03.Tests", "Day-2019-12-03.Tests\Day-2019-12-03.Tests.csproj", "{150A2590-EA90-405E-BA66-BFE3DFEC3A93}"
EndProject
Project("{FAE04EC0-301F-11D3-BF4B-00C04F79EFBC}") = "Day-2019-12-03.App", "Day-2019-12-03.App\Day-2019-12-03.App.csproj", "{F9978141-FA2F-4F8F-9286-7E63883084D6}"
EndProject
Project("{FAE04EC0-301F-11D3-BF4B-00C04F79EFBC}") = "Utils", "Utils\Utils.csproj", "{6070EBAE-8C91-48EC-89A5-619D39307770}"
EndProject
Project("{FAE04EC0-301F-11D3-BF4B-00C04F79EFBC}") = "Utils.Tests", "Utils.Tests\Utils.Tests.csproj", "{0257D0A4-A8D9-40E3-8798-E3418AC3B0E3}"
EndProject
Project("{FAE04EC0-301F-11D3-BF4B-00C04F79EFBC}") = "Day-2019-12-04", "Day-2019-12-04\Day-2019-12-04.csproj", "{254EC928-A5F3-4648-AE7C-CD58F7FBEE63}"
EndProject
Project("{FAE04EC0-301F-11D3-BF4B-00C04F79EFBC}") = "Day-2019-12-04.App", "Day-2019-12-04.App\Day-2019-12-04.App.csproj", "{5B6459E0-AB8E-48E7-BD04-A682862D2110}"
EndProject
Project("{FAE04EC0-301F-11D3-BF4B-00C04F79EFBC}") = "Day-2019-12-04.Tests", "Day-2019-12-04.Tests\Day-2019-12-04.Tests.csproj", "{EDA66006-A64D-4798-A6B9-293215FDF086}"
EndProject
Project("{FAE04EC0-301F-11D3-BF4B-00C04F79EFBC}") = "Day-2019-12-05", "Day-2019-12-05\Day-2019-12-05.csproj", "{ADDF189F-EFC4-48C0-BE17-DBCDD156804B}"
EndProject
Project("{FAE04EC0-301F-11D3-BF4B-00C04F79EFBC}") = "Day-2019-12-05.Tests", "Day-2019-12-05.Tests\Day-2019-12-05.Tests.csproj", "{755C570C-030E-4CE5-B19E-917986D93AFB}"
EndProject
Project("{FAE04EC0-301F-11D3-BF4B-00C04F79EFBC}") = "Day-2019-12-05.App", "Day-2019-12-05.App\Day-2019-12-05.App.csproj", "{E433E559-F881-4D70-96DD-03AA3F065F87}"
EndProject
Global
	GlobalSection(SolutionConfigurationPlatforms) = preSolution
		Debug|Any CPU = Debug|Any CPU
		Release|Any CPU = Release|Any CPU
	EndGlobalSection
	GlobalSection(ProjectConfigurationPlatforms) = postSolution
		{621200F8-F03D-431D-B4B1-723029596DDE}.Debug|Any CPU.ActiveCfg = Debug|Any CPU
		{621200F8-F03D-431D-B4B1-723029596DDE}.Debug|Any CPU.Build.0 = Debug|Any CPU
		{621200F8-F03D-431D-B4B1-723029596DDE}.Release|Any CPU.ActiveCfg = Release|Any CPU
		{621200F8-F03D-431D-B4B1-723029596DDE}.Release|Any CPU.Build.0 = Release|Any CPU
		{D61E1C57-2DD1-4403-B6B4-E53D09BD8C7A}.Debug|Any CPU.ActiveCfg = Debug|Any CPU
		{D61E1C57-2DD1-4403-B6B4-E53D09BD8C7A}.Debug|Any CPU.Build.0 = Debug|Any CPU
		{D61E1C57-2DD1-4403-B6B4-E53D09BD8C7A}.Release|Any CPU.ActiveCfg = Release|Any CPU
		{D61E1C57-2DD1-4403-B6B4-E53D09BD8C7A}.Release|Any CPU.Build.0 = Release|Any CPU
		{92AC0F7B-BEFA-490D-9460-1C2C619EC5E5}.Debug|Any CPU.ActiveCfg = Debug|Any CPU
		{92AC0F7B-BEFA-490D-9460-1C2C619EC5E5}.Debug|Any CPU.Build.0 = Debug|Any CPU
		{92AC0F7B-BEFA-490D-9460-1C2C619EC5E5}.Release|Any CPU.ActiveCfg = Release|Any CPU
		{92AC0F7B-BEFA-490D-9460-1C2C619EC5E5}.Release|Any CPU.Build.0 = Release|Any CPU
		{6642E311-F05C-493B-8933-DCC856FD0FD0}.Debug|Any CPU.ActiveCfg = Debug|Any CPU
		{6642E311-F05C-493B-8933-DCC856FD0FD0}.Debug|Any CPU.Build.0 = Debug|Any CPU
		{6642E311-F05C-493B-8933-DCC856FD0FD0}.Release|Any CPU.ActiveCfg = Release|Any CPU
		{6642E311-F05C-493B-8933-DCC856FD0FD0}.Release|Any CPU.Build.0 = Release|Any CPU
		{E268EA4D-2925-4024-807F-1EF8B0BE6921}.Debug|Any CPU.ActiveCfg = Debug|Any CPU
		{E268EA4D-2925-4024-807F-1EF8B0BE6921}.Debug|Any CPU.Build.0 = Debug|Any CPU
		{E268EA4D-2925-4024-807F-1EF8B0BE6921}.Release|Any CPU.ActiveCfg = Release|Any CPU
		{E268EA4D-2925-4024-807F-1EF8B0BE6921}.Release|Any CPU.Build.0 = Release|Any CPU
		{39D4BCEE-E224-45AF-957B-5A1529D67AA5}.Debug|Any CPU.ActiveCfg = Debug|Any CPU
		{39D4BCEE-E224-45AF-957B-5A1529D67AA5}.Debug|Any CPU.Build.0 = Debug|Any CPU
		{39D4BCEE-E224-45AF-957B-5A1529D67AA5}.Release|Any CPU.ActiveCfg = Release|Any CPU
		{39D4BCEE-E224-45AF-957B-5A1529D67AA5}.Release|Any CPU.Build.0 = Release|Any CPU
		{6EC34697-11B0-4FE2-84A5-BDE3B82D05E6}.Debug|Any CPU.ActiveCfg = Debug|Any CPU
		{6EC34697-11B0-4FE2-84A5-BDE3B82D05E6}.Debug|Any CPU.Build.0 = Debug|Any CPU
		{6EC34697-11B0-4FE2-84A5-BDE3B82D05E6}.Release|Any CPU.ActiveCfg = Release|Any CPU
		{6EC34697-11B0-4FE2-84A5-BDE3B82D05E6}.Release|Any CPU.Build.0 = Release|Any CPU
		{150A2590-EA90-405E-BA66-BFE3DFEC3A93}.Debug|Any CPU.ActiveCfg = Debug|Any CPU
		{150A2590-EA90-405E-BA66-BFE3DFEC3A93}.Debug|Any CPU.Build.0 = Debug|Any CPU
		{150A2590-EA90-405E-BA66-BFE3DFEC3A93}.Release|Any CPU.ActiveCfg = Release|Any CPU
		{150A2590-EA90-405E-BA66-BFE3DFEC3A93}.Release|Any CPU.Build.0 = Release|Any CPU
		{F9978141-FA2F-4F8F-9286-7E63883084D6}.Debug|Any CPU.ActiveCfg = Debug|Any CPU
		{F9978141-FA2F-4F8F-9286-7E63883084D6}.Debug|Any CPU.Build.0 = Debug|Any CPU
		{F9978141-FA2F-4F8F-9286-7E63883084D6}.Release|Any CPU.ActiveCfg = Release|Any CPU
		{F9978141-FA2F-4F8F-9286-7E63883084D6}.Release|Any CPU.Build.0 = Release|Any CPU
		{6070EBAE-8C91-48EC-89A5-619D39307770}.Debug|Any CPU.ActiveCfg = Debug|Any CPU
		{6070EBAE-8C91-48EC-89A5-619D39307770}.Debug|Any CPU.Build.0 = Debug|Any CPU
		{6070EBAE-8C91-48EC-89A5-619D39307770}.Release|Any CPU.ActiveCfg = Release|Any CPU
		{6070EBAE-8C91-48EC-89A5-619D39307770}.Release|Any CPU.Build.0 = Release|Any CPU
		{0257D0A4-A8D9-40E3-8798-E3418AC3B0E3}.Debug|Any CPU.ActiveCfg = Debug|Any CPU
		{0257D0A4-A8D9-40E3-8798-E3418AC3B0E3}.Debug|Any CPU.Build.0 = Debug|Any CPU
		{0257D0A4-A8D9-40E3-8798-E3418AC3B0E3}.Release|Any CPU.ActiveCfg = Release|Any CPU
		{0257D0A4-A8D9-40E3-8798-E3418AC3B0E3}.Release|Any CPU.Build.0 = Release|Any CPU
		{254EC928-A5F3-4648-AE7C-CD58F7FBEE63}.Debug|Any CPU.ActiveCfg = Debug|Any CPU
		{254EC928-A5F3-4648-AE7C-CD58F7FBEE63}.Debug|Any CPU.Build.0 = Debug|Any CPU
		{254EC928-A5F3-4648-AE7C-CD58F7FBEE63}.Release|Any CPU.ActiveCfg = Release|Any CPU
		{254EC928-A5F3-4648-AE7C-CD58F7FBEE63}.Release|Any CPU.Build.0 = Release|Any CPU
		{5B6459E0-AB8E-48E7-BD04-A682862D2110}.Debug|Any CPU.ActiveCfg = Debug|Any CPU
		{5B6459E0-AB8E-48E7-BD04-A682862D2110}.Debug|Any CPU.Build.0 = Debug|Any CPU
		{5B6459E0-AB8E-48E7-BD04-A682862D2110}.Release|Any CPU.ActiveCfg = Release|Any CPU
		{5B6459E0-AB8E-48E7-BD04-A682862D2110}.Release|Any CPU.Build.0 = Release|Any CPU
		{EDA66006-A64D-4798-A6B9-293215FDF086}.Debug|Any CPU.ActiveCfg = Debug|Any CPU
		{EDA66006-A64D-4798-A6B9-293215FDF086}.Debug|Any CPU.Build.0 = Debug|Any CPU
		{EDA66006-A64D-4798-A6B9-293215FDF086}.Release|Any CPU.ActiveCfg = Release|Any CPU
		{EDA66006-A64D-4798-A6B9-293215FDF086}.Release|Any CPU.Build.0 = Release|Any CPU
		{ADDF189F-EFC4-48C0-BE17-DBCDD156804B}.Debug|Any CPU.ActiveCfg = Debug|Any CPU
		{ADDF189F-EFC4-48C0-BE17-DBCDD156804B}.Debug|Any CPU.Build.0 = Debug|Any CPU
		{ADDF189F-EFC4-48C0-BE17-DBCDD156804B}.Release|Any CPU.ActiveCfg = Release|Any CPU
		{ADDF189F-EFC4-48C0-BE17-DBCDD156804B}.Release|Any CPU.Build.0 = Release|Any CPU
		{755C570C-030E-4CE5-B19E-917986D93AFB}.Debug|Any CPU.ActiveCfg = Debug|Any CPU
		{755C570C-030E-4CE5-B19E-917986D93AFB}.Debug|Any CPU.Build.0 = Debug|Any CPU
		{755C570C-030E-4CE5-B19E-917986D93AFB}.Release|Any CPU.ActiveCfg = Release|Any CPU
		{755C570C-030E-4CE5-B19E-917986D93AFB}.Release|Any CPU.Build.0 = Release|Any CPU
		{E433E559-F881-4D70-96DD-03AA3F065F87}.Debug|Any CPU.ActiveCfg = Debug|Any CPU
		{E433E559-F881-4D70-96DD-03AA3F065F87}.Debug|Any CPU.Build.0 = Debug|Any CPU
		{E433E559-F881-4D70-96DD-03AA3F065F87}.Release|Any CPU.ActiveCfg = Release|Any CPU
		{E433E559-F881-4D70-96DD-03AA3F065F87}.Release|Any CPU.Build.0 = Release|Any CPU
	EndGlobalSection
EndGlobal
