
Microsoft Visual Studio Solution File, Format Version 12.00
Project("{FAE04EC0-301F-11D3-BF4B-00C04F79EFBC}") = "Day-2019-12-01", "Day-2019-12-01\Day-2019-12-01.csproj", "{621200F8-F03D-431D-B4B1-723029596DDE}"
EndProject
Project("{FAE04EC0-301F-11D3-BF4B-00C04F79EFBC}") = "Day-2019-12-01.Tests", "Day-2019-12-01.Tests\Day-2019-12-01.Tests.csproj", "{D61E1C57-2DD1-4403-B6B4-E53D09BD8C7A}"
EndProject
Project("{FAE04EC0-301F-11D3-BF4B-00C04F79EFBC}") = "Day-2019-12-01.App", "Day-2019-12-01.App\Day-2019-12-01.App.csproj", "{92AC0F7B-BEFA-490D-9460-1C2C619EC5E5}"
EndProject
Project("{FAE04EC0-301F-11D3-BF4B-00C04F79EFBC}") = "Day-2019-12-02", "Day-2019-12-02\Day-2019-12-02.csproj", "{6642E311-F05C-493B-8933-DCC856FD0FD0}"
EndProject
Project("{FAE04EC0-301F-11D3-BF4B-00C04F79EFBC}") = "Day-2019-12-02.Tests", "Day-2019-12-02.Tests\Day-2019-12-02.Tests.csproj", "{E268EA4D-2925-4024-807F-1EF8B0BE6921}"
EndProject
Project("{FAE04EC0-301F-11D3-BF4B-00C04F79EFBC}") = "Day-2019-12-02.App", "Day-2019-12-02.App\Day-2019-12-02.App.csproj", "{39D4BCEE-E224-45AF-957B-5A1529D67AA5}"
EndProject
Project("{FAE04EC0-301F-11D3-BF4B-00C04F79EFBC}") = "Day-2019-12-03", "Day-2019-12-03\Day-2019-12-03.csproj", "{6EC34697-11B0-4FE2-84A5-BDE3B82D05E6}"
EndProject
Project("{FAE04EC0-301F-11D3-BF4B-00C04F79EFBC}") = "Day-2019-12-03.Tests", "Day-2019-12-03.Tests\Day-2019-12-03.Tests.csproj", "{150A2590-EA90-405E-BA66-BFE3DFEC3A93}"
EndProject
Project("{FAE04EC0-301F-11D3-BF4B-00C04F79EFBC}") = "Day-2019-12-03.App", "Day-2019-12-03.App\Day-2019-12-03.App.csproj", "{F9978141-FA2F-4F8F-9286-7E63883084D6}"
EndProject
Project("{FAE04EC0-301F-11D3-BF4B-00C04F79EFBC}") = "Utils", "Utils\Utils.csproj", "{6070EBAE-8C91-48EC-89A5-619D39307770}"
EndProject
Project("{FAE04EC0-301F-11D3-BF4B-00C04F79EFBC}") = "Utils.Tests", "Utils.Tests\Utils.Tests.csproj", "{0257D0A4-A8D9-40E3-8798-E3418AC3B0E3}"
EndProject
Project("{FAE04EC0-301F-11D3-BF4B-00C04F79EFBC}") = "Day-2019-12-04", "Day-2019-12-04\Day-2019-12-04.csproj", "{254EC928-A5F3-4648-AE7C-CD58F7FBEE63}"
EndProject
Project("{FAE04EC0-301F-11D3-BF4B-00C04F79EFBC}") = "Day-2019-12-04.App", "Day-2019-12-04.App\Day-2019-12-04.App.csproj", "{5B6459E0-AB8E-48E7-BD04-A682862D2110}"
EndProject
Project("{FAE04EC0-301F-11D3-BF4B-00C04F79EFBC}") = "Day-2019-12-04.Tests", "Day-2019-12-04.Tests\Day-2019-12-04.Tests.csproj", "{EDA66006-A64D-4798-A6B9-293215FDF086}"
EndProject
Project("{FAE04EC0-301F-11D3-BF4B-00C04F79EFBC}") = "Day-2019-12-05", "Day-2019-12-05\Day-2019-12-05.csproj", "{ADDF189F-EFC4-48C0-BE17-DBCDD156804B}"
EndProject
Project("{FAE04EC0-301F-11D3-BF4B-00C04F79EFBC}") = "Day-2019-12-05.Tests", "Day-2019-12-05.Tests\Day-2019-12-05.Tests.csproj", "{755C570C-030E-4CE5-B19E-917986D93AFB}"
EndProject
Project("{FAE04EC0-301F-11D3-BF4B-00C04F79EFBC}") = "Day-2019-12-05.App", "Day-2019-12-05.App\Day-2019-12-05.App.csproj", "{E433E559-F881-4D70-96DD-03AA3F065F87}"
EndProject
Project("{FAE04EC0-301F-11D3-BF4B-00C04F79EFBC}") = "Day-2019-12-06", "Day-2019-12-06\Day-2019-12-06.csproj", "{E634FD59-293B-4F2C-A118-ACB2E8AB4371}"
EndProject
Project("{FAE04EC0-301F-11D3-BF4B-00C04F79EFBC}") = "Day-2019-12-06.Tests", "Day-2019-12-06.Tests\Day-2019-12-06.Tests.csproj", "{1572CE60-FB10-4AE0-B4DD-D6DD9CA79A0C}"
EndProject
Project("{FAE04EC0-301F-11D3-BF4B-00C04F79EFBC}") = "Day-2019-12-06.App", "Day-2019-12-06.App\Day-2019-12-06.App.csproj", "{FAB453E0-1799-4554-8132-C3788E2B658E}"
EndProject
Project("{FAE04EC0-301F-11D3-BF4B-00C04F79EFBC}") = "Solutions.Tests", "Solutions.Tests\Solutions.Tests.csproj", "{9E573D77-C8E0-4B91-AEC7-645A4E6B9D0A}"
EndProject
Project("{FAE04EC0-301F-11D3-BF4B-00C04F79EFBC}") = "Day-2019-12-07", "Day-2019-12-07\Day-2019-12-07.csproj", "{8C4B9A3B-7BDD-4F1F-A564-28DA421E0049}"
EndProject
Project("{FAE04EC0-301F-11D3-BF4B-00C04F79EFBC}") = "Day-2019-12-07.Tests", "Day-2019-12-07.Tests\Day-2019-12-07.Tests.csproj", "{2BFFE903-8069-46B5-B797-3F8791813DF0}"
EndProject
Project("{FAE04EC0-301F-11D3-BF4B-00C04F79EFBC}") = "Day-2019-12-07.App", "Day-2019-12-07.App\Day-2019-12-07.App.csproj", "{AB2F21AA-B881-40CE-8FC1-BB6C3EA6579B}"
EndProject
Project("{FAE04EC0-301F-11D3-BF4B-00C04F79EFBC}") = "Day-2019-12-08", "Day-2019-12-08\Day-2019-12-08.csproj", "{58D5F2D8-8E72-4A50-A1D9-1DA715E9AC48}"
EndProject
Project("{FAE04EC0-301F-11D3-BF4B-00C04F79EFBC}") = "Day-2019-12-08.Tests", "Day-2019-12-08.Tests\Day-2019-12-08.Tests.csproj", "{08633C39-A7BC-48A2-87B0-B880052AE999}"
EndProject
Project("{FAE04EC0-301F-11D3-BF4B-00C04F79EFBC}") = "Day-2019-12-08.App", "Day-2019-12-08.App\Day-2019-12-08.App.csproj", "{47BB737D-2DFD-443A-B200-B13B91658445}"
EndProject
Project("{FAE04EC0-301F-11D3-BF4B-00C04F79EFBC}") = "Day-2019-12-09", "Day-2019-12-09\Day-2019-12-09.csproj", "{45090598-AF67-49D9-A36C-5ADCDCC1B3D0}"
EndProject
Project("{FAE04EC0-301F-11D3-BF4B-00C04F79EFBC}") = "Day-2019-12-09.Tests", "Day-2019-12-09.Tests\Day-2019-12-09.Tests.csproj", "{F00E0AC7-CF2C-4212-8D5E-2695F2EF0B22}"
EndProject
Project("{FAE04EC0-301F-11D3-BF4B-00C04F79EFBC}") = "Day-2019-12-09.App", "Day-2019-12-09.App\Day-2019-12-09.App.csproj", "{7DA0D86A-9971-49E1-8C17-78EB9E00957A}"
EndProject
Project("{FAE04EC0-301F-11D3-BF4B-00C04F79EFBC}") = "Day-2019-12-10", "Day-2019-12-10\Day-2019-12-10.csproj", "{84B7EB85-384A-4522-BBF9-A5B7D8433CE9}"
EndProject
Project("{FAE04EC0-301F-11D3-BF4B-00C04F79EFBC}") = "Day-2019-12-10.Tests", "Day-2019-12-10.Tests\Day-2019-12-10.Tests.csproj", "{F0E2E73B-BB10-4012-8DFB-A0498B5C06EE}"
EndProject
Project("{FAE04EC0-301F-11D3-BF4B-00C04F79EFBC}") = "Day-2019-12-10.App", "Day-2019-12-10.App\Day-2019-12-10.App.csproj", "{B894A7BE-CB31-4D84-8105-9BA5E9CACF53}"
EndProject
Project("{FAE04EC0-301F-11D3-BF4B-00C04F79EFBC}") = "Day-2019-12-11", "Day-2019-12-11\Day-2019-12-11.csproj", "{524010DC-08F4-48FD-AA24-10F17F71BCCE}"
EndProject
Project("{FAE04EC0-301F-11D3-BF4B-00C04F79EFBC}") = "Day-2019-12-11.Tests", "Day-2019-12-11.Tests\Day-2019-12-11.Tests.csproj", "{B00E61B2-BA48-425A-9E05-8AD4C0D251F4}"
EndProject
Project("{FAE04EC0-301F-11D3-BF4B-00C04F79EFBC}") = "Day-2019-12-11.App", "Day-2019-12-11.App\Day-2019-12-11.App.csproj", "{0D036B55-5429-4FE4-8563-5671E09C76DB}"
EndProject
Project("{FAE04EC0-301F-11D3-BF4B-00C04F79EFBC}") = "Day-2019-12-12", "Day-2019-12-12\Day-2019-12-12.csproj", "{469F318C-8102-4821-BFA6-6489228AF80E}"
EndProject
Project("{FAE04EC0-301F-11D3-BF4B-00C04F79EFBC}") = "Day-2019-12-12.Tests", "Day-2019-12-12.Tests\Day-2019-12-12.Tests.csproj", "{55030343-18E4-4830-BA40-425E4C83D6AF}"
EndProject
Project("{FAE04EC0-301F-11D3-BF4B-00C04F79EFBC}") = "Day-2019-12-12.App", "Day-2019-12-12.App\Day-2019-12-12.App.csproj", "{163806A3-ADF2-4002-87BB-BE7C3638C502}"
EndProject
Project("{FAE04EC0-301F-11D3-BF4B-00C04F79EFBC}") = "Day-2019-12-13", "Day-2019-12-13\Day-2019-12-13.csproj", "{5FC2E0E1-04CD-4723-AF09-527252A62584}"
EndProject
Project("{FAE04EC0-301F-11D3-BF4B-00C04F79EFBC}") = "Day-2019-12-13.Tests", "Day-2019-12-13.Tests\Day-2019-12-13.Tests.csproj", "{E2581459-39C6-45AE-B4B7-9EC9D45CC832}"
EndProject
Project("{FAE04EC0-301F-11D3-BF4B-00C04F79EFBC}") = "Day-2019-12-13.App", "Day-2019-12-13.App\Day-2019-12-13.App.csproj", "{2E654F3D-311D-406C-BFFA-F35FB6C7611B}"
EndProject
Global
	GlobalSection(SolutionConfigurationPlatforms) = preSolution
		Debug|Any CPU = Debug|Any CPU
		Release|Any CPU = Release|Any CPU
	EndGlobalSection
	GlobalSection(ProjectConfigurationPlatforms) = postSolution
		{621200F8-F03D-431D-B4B1-723029596DDE}.Debug|Any CPU.ActiveCfg = Debug|Any CPU
		{621200F8-F03D-431D-B4B1-723029596DDE}.Debug|Any CPU.Build.0 = Debug|Any CPU
		{621200F8-F03D-431D-B4B1-723029596DDE}.Release|Any CPU.ActiveCfg = Release|Any CPU
		{621200F8-F03D-431D-B4B1-723029596DDE}.Release|Any CPU.Build.0 = Release|Any CPU
		{D61E1C57-2DD1-4403-B6B4-E53D09BD8C7A}.Debug|Any CPU.ActiveCfg = Debug|Any CPU
		{D61E1C57-2DD1-4403-B6B4-E53D09BD8C7A}.Debug|Any CPU.Build.0 = Debug|Any CPU
		{D61E1C57-2DD1-4403-B6B4-E53D09BD8C7A}.Release|Any CPU.ActiveCfg = Release|Any CPU
		{D61E1C57-2DD1-4403-B6B4-E53D09BD8C7A}.Release|Any CPU.Build.0 = Release|Any CPU
		{92AC0F7B-BEFA-490D-9460-1C2C619EC5E5}.Debug|Any CPU.ActiveCfg = Debug|Any CPU
		{92AC0F7B-BEFA-490D-9460-1C2C619EC5E5}.Debug|Any CPU.Build.0 = Debug|Any CPU
		{92AC0F7B-BEFA-490D-9460-1C2C619EC5E5}.Release|Any CPU.ActiveCfg = Release|Any CPU
		{92AC0F7B-BEFA-490D-9460-1C2C619EC5E5}.Release|Any CPU.Build.0 = Release|Any CPU
		{6642E311-F05C-493B-8933-DCC856FD0FD0}.Debug|Any CPU.ActiveCfg = Debug|Any CPU
		{6642E311-F05C-493B-8933-DCC856FD0FD0}.Debug|Any CPU.Build.0 = Debug|Any CPU
		{6642E311-F05C-493B-8933-DCC856FD0FD0}.Release|Any CPU.ActiveCfg = Release|Any CPU
		{6642E311-F05C-493B-8933-DCC856FD0FD0}.Release|Any CPU.Build.0 = Release|Any CPU
		{E268EA4D-2925-4024-807F-1EF8B0BE6921}.Debug|Any CPU.ActiveCfg = Debug|Any CPU
		{E268EA4D-2925-4024-807F-1EF8B0BE6921}.Debug|Any CPU.Build.0 = Debug|Any CPU
		{E268EA4D-2925-4024-807F-1EF8B0BE6921}.Release|Any CPU.ActiveCfg = Release|Any CPU
		{E268EA4D-2925-4024-807F-1EF8B0BE6921}.Release|Any CPU.Build.0 = Release|Any CPU
		{39D4BCEE-E224-45AF-957B-5A1529D67AA5}.Debug|Any CPU.ActiveCfg = Debug|Any CPU
		{39D4BCEE-E224-45AF-957B-5A1529D67AA5}.Debug|Any CPU.Build.0 = Debug|Any CPU
		{39D4BCEE-E224-45AF-957B-5A1529D67AA5}.Release|Any CPU.ActiveCfg = Release|Any CPU
		{39D4BCEE-E224-45AF-957B-5A1529D67AA5}.Release|Any CPU.Build.0 = Release|Any CPU
		{6EC34697-11B0-4FE2-84A5-BDE3B82D05E6}.Debug|Any CPU.ActiveCfg = Debug|Any CPU
		{6EC34697-11B0-4FE2-84A5-BDE3B82D05E6}.Debug|Any CPU.Build.0 = Debug|Any CPU
		{6EC34697-11B0-4FE2-84A5-BDE3B82D05E6}.Release|Any CPU.ActiveCfg = Release|Any CPU
		{6EC34697-11B0-4FE2-84A5-BDE3B82D05E6}.Release|Any CPU.Build.0 = Release|Any CPU
		{150A2590-EA90-405E-BA66-BFE3DFEC3A93}.Debug|Any CPU.ActiveCfg = Debug|Any CPU
		{150A2590-EA90-405E-BA66-BFE3DFEC3A93}.Debug|Any CPU.Build.0 = Debug|Any CPU
		{150A2590-EA90-405E-BA66-BFE3DFEC3A93}.Release|Any CPU.ActiveCfg = Release|Any CPU
		{150A2590-EA90-405E-BA66-BFE3DFEC3A93}.Release|Any CPU.Build.0 = Release|Any CPU
		{F9978141-FA2F-4F8F-9286-7E63883084D6}.Debug|Any CPU.ActiveCfg = Debug|Any CPU
		{F9978141-FA2F-4F8F-9286-7E63883084D6}.Debug|Any CPU.Build.0 = Debug|Any CPU
		{F9978141-FA2F-4F8F-9286-7E63883084D6}.Release|Any CPU.ActiveCfg = Release|Any CPU
		{F9978141-FA2F-4F8F-9286-7E63883084D6}.Release|Any CPU.Build.0 = Release|Any CPU
		{6070EBAE-8C91-48EC-89A5-619D39307770}.Debug|Any CPU.ActiveCfg = Debug|Any CPU
		{6070EBAE-8C91-48EC-89A5-619D39307770}.Debug|Any CPU.Build.0 = Debug|Any CPU
		{6070EBAE-8C91-48EC-89A5-619D39307770}.Release|Any CPU.ActiveCfg = Release|Any CPU
		{6070EBAE-8C91-48EC-89A5-619D39307770}.Release|Any CPU.Build.0 = Release|Any CPU
		{0257D0A4-A8D9-40E3-8798-E3418AC3B0E3}.Debug|Any CPU.ActiveCfg = Debug|Any CPU
		{0257D0A4-A8D9-40E3-8798-E3418AC3B0E3}.Debug|Any CPU.Build.0 = Debug|Any CPU
		{0257D0A4-A8D9-40E3-8798-E3418AC3B0E3}.Release|Any CPU.ActiveCfg = Release|Any CPU
		{0257D0A4-A8D9-40E3-8798-E3418AC3B0E3}.Release|Any CPU.Build.0 = Release|Any CPU
		{254EC928-A5F3-4648-AE7C-CD58F7FBEE63}.Debug|Any CPU.ActiveCfg = Debug|Any CPU
		{254EC928-A5F3-4648-AE7C-CD58F7FBEE63}.Debug|Any CPU.Build.0 = Debug|Any CPU
		{254EC928-A5F3-4648-AE7C-CD58F7FBEE63}.Release|Any CPU.ActiveCfg = Release|Any CPU
		{254EC928-A5F3-4648-AE7C-CD58F7FBEE63}.Release|Any CPU.Build.0 = Release|Any CPU
		{5B6459E0-AB8E-48E7-BD04-A682862D2110}.Debug|Any CPU.ActiveCfg = Debug|Any CPU
		{5B6459E0-AB8E-48E7-BD04-A682862D2110}.Debug|Any CPU.Build.0 = Debug|Any CPU
		{5B6459E0-AB8E-48E7-BD04-A682862D2110}.Release|Any CPU.ActiveCfg = Release|Any CPU
		{5B6459E0-AB8E-48E7-BD04-A682862D2110}.Release|Any CPU.Build.0 = Release|Any CPU
		{EDA66006-A64D-4798-A6B9-293215FDF086}.Debug|Any CPU.ActiveCfg = Debug|Any CPU
		{EDA66006-A64D-4798-A6B9-293215FDF086}.Debug|Any CPU.Build.0 = Debug|Any CPU
		{EDA66006-A64D-4798-A6B9-293215FDF086}.Release|Any CPU.ActiveCfg = Release|Any CPU
		{EDA66006-A64D-4798-A6B9-293215FDF086}.Release|Any CPU.Build.0 = Release|Any CPU
		{ADDF189F-EFC4-48C0-BE17-DBCDD156804B}.Debug|Any CPU.ActiveCfg = Debug|Any CPU
		{ADDF189F-EFC4-48C0-BE17-DBCDD156804B}.Debug|Any CPU.Build.0 = Debug|Any CPU
		{ADDF189F-EFC4-48C0-BE17-DBCDD156804B}.Release|Any CPU.ActiveCfg = Release|Any CPU
		{ADDF189F-EFC4-48C0-BE17-DBCDD156804B}.Release|Any CPU.Build.0 = Release|Any CPU
		{755C570C-030E-4CE5-B19E-917986D93AFB}.Debug|Any CPU.ActiveCfg = Debug|Any CPU
		{755C570C-030E-4CE5-B19E-917986D93AFB}.Debug|Any CPU.Build.0 = Debug|Any CPU
		{755C570C-030E-4CE5-B19E-917986D93AFB}.Release|Any CPU.ActiveCfg = Release|Any CPU
		{755C570C-030E-4CE5-B19E-917986D93AFB}.Release|Any CPU.Build.0 = Release|Any CPU
		{E433E559-F881-4D70-96DD-03AA3F065F87}.Debug|Any CPU.ActiveCfg = Debug|Any CPU
		{E433E559-F881-4D70-96DD-03AA3F065F87}.Debug|Any CPU.Build.0 = Debug|Any CPU
		{E433E559-F881-4D70-96DD-03AA3F065F87}.Release|Any CPU.ActiveCfg = Release|Any CPU
		{E433E559-F881-4D70-96DD-03AA3F065F87}.Release|Any CPU.Build.0 = Release|Any CPU
		{E634FD59-293B-4F2C-A118-ACB2E8AB4371}.Debug|Any CPU.ActiveCfg = Debug|Any CPU
		{E634FD59-293B-4F2C-A118-ACB2E8AB4371}.Debug|Any CPU.Build.0 = Debug|Any CPU
		{E634FD59-293B-4F2C-A118-ACB2E8AB4371}.Release|Any CPU.ActiveCfg = Release|Any CPU
		{E634FD59-293B-4F2C-A118-ACB2E8AB4371}.Release|Any CPU.Build.0 = Release|Any CPU
		{1572CE60-FB10-4AE0-B4DD-D6DD9CA79A0C}.Debug|Any CPU.ActiveCfg = Debug|Any CPU
		{1572CE60-FB10-4AE0-B4DD-D6DD9CA79A0C}.Debug|Any CPU.Build.0 = Debug|Any CPU
		{1572CE60-FB10-4AE0-B4DD-D6DD9CA79A0C}.Release|Any CPU.ActiveCfg = Release|Any CPU
		{1572CE60-FB10-4AE0-B4DD-D6DD9CA79A0C}.Release|Any CPU.Build.0 = Release|Any CPU
		{FAB453E0-1799-4554-8132-C3788E2B658E}.Debug|Any CPU.ActiveCfg = Debug|Any CPU
		{FAB453E0-1799-4554-8132-C3788E2B658E}.Debug|Any CPU.Build.0 = Debug|Any CPU
		{FAB453E0-1799-4554-8132-C3788E2B658E}.Release|Any CPU.ActiveCfg = Release|Any CPU
		{FAB453E0-1799-4554-8132-C3788E2B658E}.Release|Any CPU.Build.0 = Release|Any CPU
		{9E573D77-C8E0-4B91-AEC7-645A4E6B9D0A}.Debug|Any CPU.ActiveCfg = Debug|Any CPU
		{9E573D77-C8E0-4B91-AEC7-645A4E6B9D0A}.Debug|Any CPU.Build.0 = Debug|Any CPU
		{9E573D77-C8E0-4B91-AEC7-645A4E6B9D0A}.Release|Any CPU.ActiveCfg = Release|Any CPU
		{9E573D77-C8E0-4B91-AEC7-645A4E6B9D0A}.Release|Any CPU.Build.0 = Release|Any CPU
		{8C4B9A3B-7BDD-4F1F-A564-28DA421E0049}.Debug|Any CPU.ActiveCfg = Debug|Any CPU
		{8C4B9A3B-7BDD-4F1F-A564-28DA421E0049}.Debug|Any CPU.Build.0 = Debug|Any CPU
		{8C4B9A3B-7BDD-4F1F-A564-28DA421E0049}.Release|Any CPU.ActiveCfg = Release|Any CPU
		{8C4B9A3B-7BDD-4F1F-A564-28DA421E0049}.Release|Any CPU.Build.0 = Release|Any CPU
		{2BFFE903-8069-46B5-B797-3F8791813DF0}.Debug|Any CPU.ActiveCfg = Debug|Any CPU
		{2BFFE903-8069-46B5-B797-3F8791813DF0}.Debug|Any CPU.Build.0 = Debug|Any CPU
		{2BFFE903-8069-46B5-B797-3F8791813DF0}.Release|Any CPU.ActiveCfg = Release|Any CPU
		{2BFFE903-8069-46B5-B797-3F8791813DF0}.Release|Any CPU.Build.0 = Release|Any CPU
		{AB2F21AA-B881-40CE-8FC1-BB6C3EA6579B}.Debug|Any CPU.ActiveCfg = Debug|Any CPU
		{AB2F21AA-B881-40CE-8FC1-BB6C3EA6579B}.Debug|Any CPU.Build.0 = Debug|Any CPU
		{AB2F21AA-B881-40CE-8FC1-BB6C3EA6579B}.Release|Any CPU.ActiveCfg = Release|Any CPU
		{AB2F21AA-B881-40CE-8FC1-BB6C3EA6579B}.Release|Any CPU.Build.0 = Release|Any CPU
		{58D5F2D8-8E72-4A50-A1D9-1DA715E9AC48}.Debug|Any CPU.ActiveCfg = Debug|Any CPU
		{58D5F2D8-8E72-4A50-A1D9-1DA715E9AC48}.Debug|Any CPU.Build.0 = Debug|Any CPU
		{58D5F2D8-8E72-4A50-A1D9-1DA715E9AC48}.Release|Any CPU.ActiveCfg = Release|Any CPU
		{58D5F2D8-8E72-4A50-A1D9-1DA715E9AC48}.Release|Any CPU.Build.0 = Release|Any CPU
		{08633C39-A7BC-48A2-87B0-B880052AE999}.Debug|Any CPU.ActiveCfg = Debug|Any CPU
		{08633C39-A7BC-48A2-87B0-B880052AE999}.Debug|Any CPU.Build.0 = Debug|Any CPU
		{08633C39-A7BC-48A2-87B0-B880052AE999}.Release|Any CPU.ActiveCfg = Release|Any CPU
		{08633C39-A7BC-48A2-87B0-B880052AE999}.Release|Any CPU.Build.0 = Release|Any CPU
		{47BB737D-2DFD-443A-B200-B13B91658445}.Debug|Any CPU.ActiveCfg = Debug|Any CPU
		{47BB737D-2DFD-443A-B200-B13B91658445}.Debug|Any CPU.Build.0 = Debug|Any CPU
		{47BB737D-2DFD-443A-B200-B13B91658445}.Release|Any CPU.ActiveCfg = Release|Any CPU
		{47BB737D-2DFD-443A-B200-B13B91658445}.Release|Any CPU.Build.0 = Release|Any CPU
		{45090598-AF67-49D9-A36C-5ADCDCC1B3D0}.Debug|Any CPU.ActiveCfg = Debug|Any CPU
		{45090598-AF67-49D9-A36C-5ADCDCC1B3D0}.Debug|Any CPU.Build.0 = Debug|Any CPU
		{45090598-AF67-49D9-A36C-5ADCDCC1B3D0}.Release|Any CPU.ActiveCfg = Release|Any CPU
		{45090598-AF67-49D9-A36C-5ADCDCC1B3D0}.Release|Any CPU.Build.0 = Release|Any CPU
		{F00E0AC7-CF2C-4212-8D5E-2695F2EF0B22}.Debug|Any CPU.ActiveCfg = Debug|Any CPU
		{F00E0AC7-CF2C-4212-8D5E-2695F2EF0B22}.Debug|Any CPU.Build.0 = Debug|Any CPU
		{F00E0AC7-CF2C-4212-8D5E-2695F2EF0B22}.Release|Any CPU.ActiveCfg = Release|Any CPU
		{F00E0AC7-CF2C-4212-8D5E-2695F2EF0B22}.Release|Any CPU.Build.0 = Release|Any CPU
		{7DA0D86A-9971-49E1-8C17-78EB9E00957A}.Debug|Any CPU.ActiveCfg = Debug|Any CPU
		{7DA0D86A-9971-49E1-8C17-78EB9E00957A}.Debug|Any CPU.Build.0 = Debug|Any CPU
		{7DA0D86A-9971-49E1-8C17-78EB9E00957A}.Release|Any CPU.ActiveCfg = Release|Any CPU
		{7DA0D86A-9971-49E1-8C17-78EB9E00957A}.Release|Any CPU.Build.0 = Release|Any CPU
		{84B7EB85-384A-4522-BBF9-A5B7D8433CE9}.Debug|Any CPU.ActiveCfg = Debug|Any CPU
		{84B7EB85-384A-4522-BBF9-A5B7D8433CE9}.Debug|Any CPU.Build.0 = Debug|Any CPU
		{84B7EB85-384A-4522-BBF9-A5B7D8433CE9}.Release|Any CPU.ActiveCfg = Release|Any CPU
		{84B7EB85-384A-4522-BBF9-A5B7D8433CE9}.Release|Any CPU.Build.0 = Release|Any CPU
		{F0E2E73B-BB10-4012-8DFB-A0498B5C06EE}.Debug|Any CPU.ActiveCfg = Debug|Any CPU
		{F0E2E73B-BB10-4012-8DFB-A0498B5C06EE}.Debug|Any CPU.Build.0 = Debug|Any CPU
		{F0E2E73B-BB10-4012-8DFB-A0498B5C06EE}.Release|Any CPU.ActiveCfg = Release|Any CPU
		{F0E2E73B-BB10-4012-8DFB-A0498B5C06EE}.Release|Any CPU.Build.0 = Release|Any CPU
		{B894A7BE-CB31-4D84-8105-9BA5E9CACF53}.Debug|Any CPU.ActiveCfg = Debug|Any CPU
		{B894A7BE-CB31-4D84-8105-9BA5E9CACF53}.Debug|Any CPU.Build.0 = Debug|Any CPU
		{B894A7BE-CB31-4D84-8105-9BA5E9CACF53}.Release|Any CPU.ActiveCfg = Release|Any CPU
		{B894A7BE-CB31-4D84-8105-9BA5E9CACF53}.Release|Any CPU.Build.0 = Release|Any CPU
		{524010DC-08F4-48FD-AA24-10F17F71BCCE}.Debug|Any CPU.ActiveCfg = Debug|Any CPU
		{524010DC-08F4-48FD-AA24-10F17F71BCCE}.Debug|Any CPU.Build.0 = Debug|Any CPU
		{524010DC-08F4-48FD-AA24-10F17F71BCCE}.Release|Any CPU.ActiveCfg = Release|Any CPU
		{524010DC-08F4-48FD-AA24-10F17F71BCCE}.Release|Any CPU.Build.0 = Release|Any CPU
		{B00E61B2-BA48-425A-9E05-8AD4C0D251F4}.Debug|Any CPU.ActiveCfg = Debug|Any CPU
		{B00E61B2-BA48-425A-9E05-8AD4C0D251F4}.Debug|Any CPU.Build.0 = Debug|Any CPU
		{B00E61B2-BA48-425A-9E05-8AD4C0D251F4}.Release|Any CPU.ActiveCfg = Release|Any CPU
		{B00E61B2-BA48-425A-9E05-8AD4C0D251F4}.Release|Any CPU.Build.0 = Release|Any CPU
		{0D036B55-5429-4FE4-8563-5671E09C76DB}.Debug|Any CPU.ActiveCfg = Debug|Any CPU
		{0D036B55-5429-4FE4-8563-5671E09C76DB}.Debug|Any CPU.Build.0 = Debug|Any CPU
		{0D036B55-5429-4FE4-8563-5671E09C76DB}.Release|Any CPU.ActiveCfg = Release|Any CPU
		{0D036B55-5429-4FE4-8563-5671E09C76DB}.Release|Any CPU.Build.0 = Release|Any CPU
		{469F318C-8102-4821-BFA6-6489228AF80E}.Debug|Any CPU.ActiveCfg = Debug|Any CPU
		{469F318C-8102-4821-BFA6-6489228AF80E}.Debug|Any CPU.Build.0 = Debug|Any CPU
		{469F318C-8102-4821-BFA6-6489228AF80E}.Release|Any CPU.ActiveCfg = Release|Any CPU
		{469F318C-8102-4821-BFA6-6489228AF80E}.Release|Any CPU.Build.0 = Release|Any CPU
		{55030343-18E4-4830-BA40-425E4C83D6AF}.Debug|Any CPU.ActiveCfg = Debug|Any CPU
		{55030343-18E4-4830-BA40-425E4C83D6AF}.Debug|Any CPU.Build.0 = Debug|Any CPU
		{55030343-18E4-4830-BA40-425E4C83D6AF}.Release|Any CPU.ActiveCfg = Release|Any CPU
		{55030343-18E4-4830-BA40-425E4C83D6AF}.Release|Any CPU.Build.0 = Release|Any CPU
		{163806A3-ADF2-4002-87BB-BE7C3638C502}.Debug|Any CPU.ActiveCfg = Debug|Any CPU
		{163806A3-ADF2-4002-87BB-BE7C3638C502}.Debug|Any CPU.Build.0 = Debug|Any CPU
		{163806A3-ADF2-4002-87BB-BE7C3638C502}.Release|Any CPU.ActiveCfg = Release|Any CPU
		{163806A3-ADF2-4002-87BB-BE7C3638C502}.Release|Any CPU.Build.0 = Release|Any CPU
		{5FC2E0E1-04CD-4723-AF09-527252A62584}.Debug|Any CPU.ActiveCfg = Debug|Any CPU
		{5FC2E0E1-04CD-4723-AF09-527252A62584}.Debug|Any CPU.Build.0 = Debug|Any CPU
		{5FC2E0E1-04CD-4723-AF09-527252A62584}.Release|Any CPU.ActiveCfg = Release|Any CPU
		{5FC2E0E1-04CD-4723-AF09-527252A62584}.Release|Any CPU.Build.0 = Release|Any CPU
		{E2581459-39C6-45AE-B4B7-9EC9D45CC832}.Debug|Any CPU.ActiveCfg = Debug|Any CPU
		{E2581459-39C6-45AE-B4B7-9EC9D45CC832}.Debug|Any CPU.Build.0 = Debug|Any CPU
		{E2581459-39C6-45AE-B4B7-9EC9D45CC832}.Release|Any CPU.ActiveCfg = Release|Any CPU
		{E2581459-39C6-45AE-B4B7-9EC9D45CC832}.Release|Any CPU.Build.0 = Release|Any CPU
		{2E654F3D-311D-406C-BFFA-F35FB6C7611B}.Debug|Any CPU.ActiveCfg = Debug|Any CPU
		{2E654F3D-311D-406C-BFFA-F35FB6C7611B}.Debug|Any CPU.Build.0 = Debug|Any CPU
		{2E654F3D-311D-406C-BFFA-F35FB6C7611B}.Release|Any CPU.ActiveCfg = Release|Any CPU
		{2E654F3D-311D-406C-BFFA-F35FB6C7611B}.Release|Any CPU.Build.0 = Release|Any CPU
	EndGlobalSection
EndGlobal
